
Microsoft Visual Studio Solution File, Format Version 12.00
# Visual Studio Version 16
VisualStudioVersion = 16.0.29102.190
MinimumVisualStudioVersion = 10.0.40219.1
Project("{FAE04EC0-301F-11D3-BF4B-00C04F79EFBC}") = "WebBuilder", "WebBuilder\WebBuilder.csproj", "{315048B3-7A10-4339-BF71-AC12667EC8A4}"
EndProject
Global
	GlobalSection(SolutionConfigurationPlatforms) = preSolution
		Debug|Any CPU = Debug|Any CPU
		Release|Any CPU = Release|Any CPU
	EndGlobalSection
	GlobalSection(ProjectConfigurationPlatforms) = postSolution
		{315048B3-7A10-4339-BF71-AC12667EC8A4}.Debug|Any CPU.ActiveCfg = Debug|Any CPU
		{315048B3-7A10-4339-BF71-AC12667EC8A4}.Debug|Any CPU.Build.0 = Debug|Any CPU
		{315048B3-7A10-4339-BF71-AC12667EC8A4}.Release|Any CPU.ActiveCfg = Release|Any CPU
		{315048B3-7A10-4339-BF71-AC12667EC8A4}.Release|Any CPU.Build.0 = Release|Any CPU
	EndGlobalSection
	GlobalSection(SolutionProperties) = preSolution
		HideSolutionNode = FALSE
	EndGlobalSection
	GlobalSection(ExtensibilityGlobals) = postSolution
		SolutionGuid = {482A0B8F-AFAA-4F7A-8D0E-B6E958C78747}
	EndGlobalSection
EndGlobal
